{"1.1.0",
[{<<"jsxd">>,{pkg,<<"jsxd">>,<<"0.2.4">>},0},
 {<<"mmath">>,{pkg,<<"mmath">>,<<"0.2.15">>},0},
 {<<"snappy">>,{pkg,<<"snappy">>,<<"1.1.1">>},0}]}.
[
{pkg_hash,[
 {<<"jsxd">>, <<"C14114AFCA463F2D03D3FB6CC81FD51CDA8CA86A47E5AC3ABDF0CA572A73A413">>},
 {<<"mmath">>, <<"3A0E6FF4C6C41D511BED481B0E61229BFBBCDBEFF196263DF918D349006081AE">>},
 {<<"snappy">>, <<"D63449A58F1358046B7ADAEC166AE8929C2B19881E76C4E13284304FE887C39A">>}]}
].
